
Microsoft Visual Studio Solution File, Format Version 12.00
# Visual Studio 14
VisualStudioVersion = 14.0.25123.0
MinimumVisualStudioVersion = 10.0.40219.1
Project("{FAE04EC0-301F-11D3-BF4B-00C04F79EFBC}") = "UltimateObstacleChallengeApp.Droid", "UltimateObstacleChallengeApp\UltimateObstacleChallengeApp.Droid\UltimateObstacleChallengeApp.Droid.csproj", "{CA3E8870-1E0B-418C-B32D-8B8721352EE6}"
EndProject
Project("{FAE04EC0-301F-11D3-BF4B-00C04F79EFBC}") = "UltimateObstacleChallengeApp.iOS", "UltimateObstacleChallengeApp\UltimateObstacleChallengeApp.iOS\UltimateObstacleChallengeApp.iOS.csproj", "{CE589437-26E7-4457-987C-EE42F296D2D6}"
EndProject
Project("{FAE04EC0-301F-11D3-BF4B-00C04F79EFBC}") = "UltimateObstacleChallengeApp.WinPhone", "UltimateObstacleChallengeApp\UltimateObstacleChallengeApp.WinPhone\UltimateObstacleChallengeApp.WinPhone.csproj", "{81BD4BE8-6A66-4ACA-B3DF-DB12DEFEE1D9}"
EndProject
Project("{FAE04EC0-301F-11D3-BF4B-00C04F79EFBC}") = "UltimateObstacleChallengeApp.UWP", "UltimateObstacleChallengeApp\UltimateObstacleChallengeApp.UWP\UltimateObstacleChallengeApp.UWP.csproj", "{6A1EAA84-32A5-4836-8C61-BB982AA70276}"
EndProject
Project("{FAE04EC0-301F-11D3-BF4B-00C04F79EFBC}") = "UltimateObstacleChallengeApp.Windows", "UltimateObstacleChallengeApp\UltimateObstacleChallengeApp.Windows\UltimateObstacleChallengeApp.Windows.csproj", "{4FD8EDB9-8DB2-4EEB-B27B-02201E878B72}"
EndProject
Project("{D954291E-2A0B-460D-934E-DC6B0785DB48}") = "UltimateObstacleChallengeApp", "UltimateObstacleChallengeApp\UltimateObstacleChallengeApp\UltimateObstacleChallengeApp.shproj", "{65F65157-8B1D-4186-A538-CAA134351649}"
EndProject
Global
	GlobalSection(SharedMSBuildProjectFiles) = preSolution
		UltimateObstacleChallengeApp\UltimateObstacleChallengeApp\UltimateObstacleChallengeApp.projitems*{65f65157-8b1d-4186-a538-caa134351649}*SharedItemsImports = 13
	EndGlobalSection
	GlobalSection(SolutionConfigurationPlatforms) = preSolution
		Ad-Hoc|Any CPU = Ad-Hoc|Any CPU
		Ad-Hoc|ARM = Ad-Hoc|ARM
		Ad-Hoc|iPhone = Ad-Hoc|iPhone
		Ad-Hoc|iPhoneSimulator = Ad-Hoc|iPhoneSimulator
		Ad-Hoc|x64 = Ad-Hoc|x64
		Ad-Hoc|x86 = Ad-Hoc|x86
		AppStore|Any CPU = AppStore|Any CPU
		AppStore|ARM = AppStore|ARM
		AppStore|iPhone = AppStore|iPhone
		AppStore|iPhoneSimulator = AppStore|iPhoneSimulator
		AppStore|x64 = AppStore|x64
		AppStore|x86 = AppStore|x86
		Debug|Any CPU = Debug|Any CPU
		Debug|ARM = Debug|ARM
		Debug|iPhone = Debug|iPhone
		Debug|iPhoneSimulator = Debug|iPhoneSimulator
		Debug|x64 = Debug|x64
		Debug|x86 = Debug|x86
		Release|Any CPU = Release|Any CPU
		Release|ARM = Release|ARM
		Release|iPhone = Release|iPhone
		Release|iPhoneSimulator = Release|iPhoneSimulator
		Release|x64 = Release|x64
		Release|x86 = Release|x86
	EndGlobalSection
	GlobalSection(ProjectConfigurationPlatforms) = postSolution
		{CA3E8870-1E0B-418C-B32D-8B8721352EE6}.Ad-Hoc|Any CPU.ActiveCfg = Release|Any CPU
		{CA3E8870-1E0B-418C-B32D-8B8721352EE6}.Ad-Hoc|Any CPU.Build.0 = Release|Any CPU
		{CA3E8870-1E0B-418C-B32D-8B8721352EE6}.Ad-Hoc|Any CPU.Deploy.0 = Release|Any CPU
		{CA3E8870-1E0B-418C-B32D-8B8721352EE6}.Ad-Hoc|ARM.ActiveCfg = Release|Any CPU
		{CA3E8870-1E0B-418C-B32D-8B8721352EE6}.Ad-Hoc|ARM.Build.0 = Release|Any CPU
		{CA3E8870-1E0B-418C-B32D-8B8721352EE6}.Ad-Hoc|ARM.Deploy.0 = Release|Any CPU
		{CA3E8870-1E0B-418C-B32D-8B8721352EE6}.Ad-Hoc|iPhone.ActiveCfg = Release|Any CPU
		{CA3E8870-1E0B-418C-B32D-8B8721352EE6}.Ad-Hoc|iPhone.Build.0 = Release|Any CPU
		{CA3E8870-1E0B-418C-B32D-8B8721352EE6}.Ad-Hoc|iPhone.Deploy.0 = Release|Any CPU
		{CA3E8870-1E0B-418C-B32D-8B8721352EE6}.Ad-Hoc|iPhoneSimulator.ActiveCfg = Release|Any CPU
		{CA3E8870-1E0B-418C-B32D-8B8721352EE6}.Ad-Hoc|iPhoneSimulator.Build.0 = Release|Any CPU
		{CA3E8870-1E0B-418C-B32D-8B8721352EE6}.Ad-Hoc|iPhoneSimulator.Deploy.0 = Release|Any CPU
		{CA3E8870-1E0B-418C-B32D-8B8721352EE6}.Ad-Hoc|x64.ActiveCfg = Release|Any CPU
		{CA3E8870-1E0B-418C-B32D-8B8721352EE6}.Ad-Hoc|x64.Build.0 = Release|Any CPU
		{CA3E8870-1E0B-418C-B32D-8B8721352EE6}.Ad-Hoc|x64.Deploy.0 = Release|Any CPU
		{CA3E8870-1E0B-418C-B32D-8B8721352EE6}.Ad-Hoc|x86.ActiveCfg = Release|Any CPU
		{CA3E8870-1E0B-418C-B32D-8B8721352EE6}.Ad-Hoc|x86.Build.0 = Release|Any CPU
		{CA3E8870-1E0B-418C-B32D-8B8721352EE6}.Ad-Hoc|x86.Deploy.0 = Release|Any CPU
		{CA3E8870-1E0B-418C-B32D-8B8721352EE6}.AppStore|Any CPU.ActiveCfg = Release|Any CPU
		{CA3E8870-1E0B-418C-B32D-8B8721352EE6}.AppStore|Any CPU.Build.0 = Release|Any CPU
		{CA3E8870-1E0B-418C-B32D-8B8721352EE6}.AppStore|Any CPU.Deploy.0 = Release|Any CPU
		{CA3E8870-1E0B-418C-B32D-8B8721352EE6}.AppStore|ARM.ActiveCfg = Release|Any CPU
		{CA3E8870-1E0B-418C-B32D-8B8721352EE6}.AppStore|ARM.Build.0 = Release|Any CPU
		{CA3E8870-1E0B-418C-B32D-8B8721352EE6}.AppStore|ARM.Deploy.0 = Release|Any CPU
		{CA3E8870-1E0B-418C-B32D-8B8721352EE6}.AppStore|iPhone.ActiveCfg = Release|Any CPU
		{CA3E8870-1E0B-418C-B32D-8B8721352EE6}.AppStore|iPhone.Build.0 = Release|Any CPU
		{CA3E8870-1E0B-418C-B32D-8B8721352EE6}.AppStore|iPhone.Deploy.0 = Release|Any CPU
		{CA3E8870-1E0B-418C-B32D-8B8721352EE6}.AppStore|iPhoneSimulator.ActiveCfg = Release|Any CPU
		{CA3E8870-1E0B-418C-B32D-8B8721352EE6}.AppStore|iPhoneSimulator.Build.0 = Release|Any CPU
		{CA3E8870-1E0B-418C-B32D-8B8721352EE6}.AppStore|iPhoneSimulator.Deploy.0 = Release|Any CPU
		{CA3E8870-1E0B-418C-B32D-8B8721352EE6}.AppStore|x64.ActiveCfg = Release|Any CPU
		{CA3E8870-1E0B-418C-B32D-8B8721352EE6}.AppStore|x64.Build.0 = Release|Any CPU
		{CA3E8870-1E0B-418C-B32D-8B8721352EE6}.AppStore|x64.Deploy.0 = Release|Any CPU
		{CA3E8870-1E0B-418C-B32D-8B8721352EE6}.AppStore|x86.ActiveCfg = Release|Any CPU
		{CA3E8870-1E0B-418C-B32D-8B8721352EE6}.AppStore|x86.Build.0 = Release|Any CPU
		{CA3E8870-1E0B-418C-B32D-8B8721352EE6}.AppStore|x86.Deploy.0 = Release|Any CPU
		{CA3E8870-1E0B-418C-B32D-8B8721352EE6}.Debug|Any CPU.ActiveCfg = Debug|Any CPU
		{CA3E8870-1E0B-418C-B32D-8B8721352EE6}.Debug|Any CPU.Build.0 = Debug|Any CPU
		{CA3E8870-1E0B-418C-B32D-8B8721352EE6}.Debug|Any CPU.Deploy.0 = Debug|Any CPU
		{CA3E8870-1E0B-418C-B32D-8B8721352EE6}.Debug|ARM.ActiveCfg = Debug|Any CPU
		{CA3E8870-1E0B-418C-B32D-8B8721352EE6}.Debug|ARM.Build.0 = Debug|Any CPU
		{CA3E8870-1E0B-418C-B32D-8B8721352EE6}.Debug|ARM.Deploy.0 = Debug|Any CPU
		{CA3E8870-1E0B-418C-B32D-8B8721352EE6}.Debug|iPhone.ActiveCfg = Debug|Any CPU
		{CA3E8870-1E0B-418C-B32D-8B8721352EE6}.Debug|iPhone.Build.0 = Debug|Any CPU
		{CA3E8870-1E0B-418C-B32D-8B8721352EE6}.Debug|iPhone.Deploy.0 = Debug|Any CPU
		{CA3E8870-1E0B-418C-B32D-8B8721352EE6}.Debug|iPhoneSimulator.ActiveCfg = Debug|Any CPU
		{CA3E8870-1E0B-418C-B32D-8B8721352EE6}.Debug|iPhoneSimulator.Build.0 = Debug|Any CPU
		{CA3E8870-1E0B-418C-B32D-8B8721352EE6}.Debug|iPhoneSimulator.Deploy.0 = Debug|Any CPU
		{CA3E8870-1E0B-418C-B32D-8B8721352EE6}.Debug|x64.ActiveCfg = Debug|Any CPU
		{CA3E8870-1E0B-418C-B32D-8B8721352EE6}.Debug|x64.Build.0 = Debug|Any CPU
		{CA3E8870-1E0B-418C-B32D-8B8721352EE6}.Debug|x64.Deploy.0 = Debug|Any CPU
		{CA3E8870-1E0B-418C-B32D-8B8721352EE6}.Debug|x86.ActiveCfg = Debug|Any CPU
		{CA3E8870-1E0B-418C-B32D-8B8721352EE6}.Debug|x86.Build.0 = Debug|Any CPU
		{CA3E8870-1E0B-418C-B32D-8B8721352EE6}.Debug|x86.Deploy.0 = Debug|Any CPU
		{CA3E8870-1E0B-418C-B32D-8B8721352EE6}.Release|Any CPU.ActiveCfg = Release|Any CPU
		{CA3E8870-1E0B-418C-B32D-8B8721352EE6}.Release|Any CPU.Build.0 = Release|Any CPU
		{CA3E8870-1E0B-418C-B32D-8B8721352EE6}.Release|Any CPU.Deploy.0 = Release|Any CPU
		{CA3E8870-1E0B-418C-B32D-8B8721352EE6}.Release|ARM.ActiveCfg = Release|Any CPU
		{CA3E8870-1E0B-418C-B32D-8B8721352EE6}.Release|ARM.Build.0 = Release|Any CPU
		{CA3E8870-1E0B-418C-B32D-8B8721352EE6}.Release|ARM.Deploy.0 = Release|Any CPU
		{CA3E8870-1E0B-418C-B32D-8B8721352EE6}.Release|iPhone.ActiveCfg = Release|Any CPU
		{CA3E8870-1E0B-418C-B32D-8B8721352EE6}.Release|iPhone.Build.0 = Release|Any CPU
		{CA3E8870-1E0B-418C-B32D-8B8721352EE6}.Release|iPhone.Deploy.0 = Release|Any CPU
		{CA3E8870-1E0B-418C-B32D-8B8721352EE6}.Release|iPhoneSimulator.ActiveCfg = Release|Any CPU
		{CA3E8870-1E0B-418C-B32D-8B8721352EE6}.Release|iPhoneSimulator.Build.0 = Release|Any CPU
		{CA3E8870-1E0B-418C-B32D-8B8721352EE6}.Release|iPhoneSimulator.Deploy.0 = Release|Any CPU
		{CA3E8870-1E0B-418C-B32D-8B8721352EE6}.Release|x64.ActiveCfg = Release|Any CPU
		{CA3E8870-1E0B-418C-B32D-8B8721352EE6}.Release|x64.Build.0 = Release|Any CPU
		{CA3E8870-1E0B-418C-B32D-8B8721352EE6}.Release|x64.Deploy.0 = Release|Any CPU
		{CA3E8870-1E0B-418C-B32D-8B8721352EE6}.Release|x86.ActiveCfg = Release|Any CPU
		{CA3E8870-1E0B-418C-B32D-8B8721352EE6}.Release|x86.Build.0 = Release|Any CPU
		{CA3E8870-1E0B-418C-B32D-8B8721352EE6}.Release|x86.Deploy.0 = Release|Any CPU
		{CE589437-26E7-4457-987C-EE42F296D2D6}.Ad-Hoc|Any CPU.ActiveCfg = Ad-Hoc|iPhone
		{CE589437-26E7-4457-987C-EE42F296D2D6}.Ad-Hoc|ARM.ActiveCfg = Ad-Hoc|iPhone
		{CE589437-26E7-4457-987C-EE42F296D2D6}.Ad-Hoc|iPhone.ActiveCfg = Ad-Hoc|iPhone
		{CE589437-26E7-4457-987C-EE42F296D2D6}.Ad-Hoc|iPhone.Build.0 = Ad-Hoc|iPhone
		{CE589437-26E7-4457-987C-EE42F296D2D6}.Ad-Hoc|iPhoneSimulator.ActiveCfg = Ad-Hoc|iPhoneSimulator
		{CE589437-26E7-4457-987C-EE42F296D2D6}.Ad-Hoc|iPhoneSimulator.Build.0 = Ad-Hoc|iPhoneSimulator
		{CE589437-26E7-4457-987C-EE42F296D2D6}.Ad-Hoc|x64.ActiveCfg = Ad-Hoc|iPhone
		{CE589437-26E7-4457-987C-EE42F296D2D6}.Ad-Hoc|x86.ActiveCfg = Ad-Hoc|iPhone
		{CE589437-26E7-4457-987C-EE42F296D2D6}.AppStore|Any CPU.ActiveCfg = AppStore|iPhone
		{CE589437-26E7-4457-987C-EE42F296D2D6}.AppStore|ARM.ActiveCfg = AppStore|iPhone
		{CE589437-26E7-4457-987C-EE42F296D2D6}.AppStore|iPhone.ActiveCfg = AppStore|iPhone
		{CE589437-26E7-4457-987C-EE42F296D2D6}.AppStore|iPhone.Build.0 = AppStore|iPhone
		{CE589437-26E7-4457-987C-EE42F296D2D6}.AppStore|iPhoneSimulator.ActiveCfg = AppStore|iPhoneSimulator
		{CE589437-26E7-4457-987C-EE42F296D2D6}.AppStore|iPhoneSimulator.Build.0 = AppStore|iPhoneSimulator
		{CE589437-26E7-4457-987C-EE42F296D2D6}.AppStore|x64.ActiveCfg = AppStore|iPhone
		{CE589437-26E7-4457-987C-EE42F296D2D6}.AppStore|x86.ActiveCfg = AppStore|iPhone
		{CE589437-26E7-4457-987C-EE42F296D2D6}.Debug|Any CPU.ActiveCfg = Debug|iPhone
		{CE589437-26E7-4457-987C-EE42F296D2D6}.Debug|ARM.ActiveCfg = Debug|iPhone
		{CE589437-26E7-4457-987C-EE42F296D2D6}.Debug|iPhone.ActiveCfg = Debug|iPhone
		{CE589437-26E7-4457-987C-EE42F296D2D6}.Debug|iPhone.Build.0 = Debug|iPhone
		{CE589437-26E7-4457-987C-EE42F296D2D6}.Debug|iPhoneSimulator.ActiveCfg = Debug|iPhoneSimulator
		{CE589437-26E7-4457-987C-EE42F296D2D6}.Debug|iPhoneSimulator.Build.0 = Debug|iPhoneSimulator
		{CE589437-26E7-4457-987C-EE42F296D2D6}.Debug|x64.ActiveCfg = Debug|iPhone
		{CE589437-26E7-4457-987C-EE42F296D2D6}.Debug|x86.ActiveCfg = Debug|iPhone
		{CE589437-26E7-4457-987C-EE42F296D2D6}.Release|Any CPU.ActiveCfg = Release|iPhone
		{CE589437-26E7-4457-987C-EE42F296D2D6}.Release|ARM.ActiveCfg = Release|iPhone
		{CE589437-26E7-4457-987C-EE42F296D2D6}.Release|iPhone.ActiveCfg = Release|iPhone
		{CE589437-26E7-4457-987C-EE42F296D2D6}.Release|iPhone.Build.0 = Release|iPhone
		{CE589437-26E7-4457-987C-EE42F296D2D6}.Release|iPhoneSimulator.ActiveCfg = Release|iPhoneSimulator
		{CE589437-26E7-4457-987C-EE42F296D2D6}.Release|iPhoneSimulator.Build.0 = Release|iPhoneSimulator
		{CE589437-26E7-4457-987C-EE42F296D2D6}.Release|x64.ActiveCfg = Release|iPhone
		{CE589437-26E7-4457-987C-EE42F296D2D6}.Release|x86.ActiveCfg = Release|iPhone
		{81BD4BE8-6A66-4ACA-B3DF-DB12DEFEE1D9}.Ad-Hoc|Any CPU.ActiveCfg = Release|Any CPU
		{81BD4BE8-6A66-4ACA-B3DF-DB12DEFEE1D9}.Ad-Hoc|Any CPU.Build.0 = Release|Any CPU
		{81BD4BE8-6A66-4ACA-B3DF-DB12DEFEE1D9}.Ad-Hoc|Any CPU.Deploy.0 = Release|Any CPU
		{81BD4BE8-6A66-4ACA-B3DF-DB12DEFEE1D9}.Ad-Hoc|ARM.ActiveCfg = Release|ARM
		{81BD4BE8-6A66-4ACA-B3DF-DB12DEFEE1D9}.Ad-Hoc|ARM.Build.0 = Release|ARM
		{81BD4BE8-6A66-4ACA-B3DF-DB12DEFEE1D9}.Ad-Hoc|ARM.Deploy.0 = Release|ARM
		{81BD4BE8-6A66-4ACA-B3DF-DB12DEFEE1D9}.Ad-Hoc|iPhone.ActiveCfg = Release|Any CPU
		{81BD4BE8-6A66-4ACA-B3DF-DB12DEFEE1D9}.Ad-Hoc|iPhone.Build.0 = Release|Any CPU
		{81BD4BE8-6A66-4ACA-B3DF-DB12DEFEE1D9}.Ad-Hoc|iPhone.Deploy.0 = Release|Any CPU
		{81BD4BE8-6A66-4ACA-B3DF-DB12DEFEE1D9}.Ad-Hoc|iPhoneSimulator.ActiveCfg = Release|Any CPU
		{81BD4BE8-6A66-4ACA-B3DF-DB12DEFEE1D9}.Ad-Hoc|iPhoneSimulator.Build.0 = Release|Any CPU
		{81BD4BE8-6A66-4ACA-B3DF-DB12DEFEE1D9}.Ad-Hoc|iPhoneSimulator.Deploy.0 = Release|Any CPU
		{81BD4BE8-6A66-4ACA-B3DF-DB12DEFEE1D9}.Ad-Hoc|x64.ActiveCfg = Release|Any CPU
		{81BD4BE8-6A66-4ACA-B3DF-DB12DEFEE1D9}.Ad-Hoc|x64.Build.0 = Release|Any CPU
		{81BD4BE8-6A66-4ACA-B3DF-DB12DEFEE1D9}.Ad-Hoc|x64.Deploy.0 = Release|Any CPU
		{81BD4BE8-6A66-4ACA-B3DF-DB12DEFEE1D9}.Ad-Hoc|x86.ActiveCfg = Release|x86
		{81BD4BE8-6A66-4ACA-B3DF-DB12DEFEE1D9}.Ad-Hoc|x86.Build.0 = Release|x86
		{81BD4BE8-6A66-4ACA-B3DF-DB12DEFEE1D9}.Ad-Hoc|x86.Deploy.0 = Release|x86
		{81BD4BE8-6A66-4ACA-B3DF-DB12DEFEE1D9}.AppStore|Any CPU.ActiveCfg = Release|Any CPU
		{81BD4BE8-6A66-4ACA-B3DF-DB12DEFEE1D9}.AppStore|Any CPU.Build.0 = Release|Any CPU
		{81BD4BE8-6A66-4ACA-B3DF-DB12DEFEE1D9}.AppStore|Any CPU.Deploy.0 = Release|Any CPU
		{81BD4BE8-6A66-4ACA-B3DF-DB12DEFEE1D9}.AppStore|ARM.ActiveCfg = Release|ARM
		{81BD4BE8-6A66-4ACA-B3DF-DB12DEFEE1D9}.AppStore|ARM.Build.0 = Release|ARM
		{81BD4BE8-6A66-4ACA-B3DF-DB12DEFEE1D9}.AppStore|ARM.Deploy.0 = Release|ARM
		{81BD4BE8-6A66-4ACA-B3DF-DB12DEFEE1D9}.AppStore|iPhone.ActiveCfg = Release|Any CPU
		{81BD4BE8-6A66-4ACA-B3DF-DB12DEFEE1D9}.AppStore|iPhone.Build.0 = Release|Any CPU
		{81BD4BE8-6A66-4ACA-B3DF-DB12DEFEE1D9}.AppStore|iPhone.Deploy.0 = Release|Any CPU
		{81BD4BE8-6A66-4ACA-B3DF-DB12DEFEE1D9}.AppStore|iPhoneSimulator.ActiveCfg = Release|Any CPU
		{81BD4BE8-6A66-4ACA-B3DF-DB12DEFEE1D9}.AppStore|iPhoneSimulator.Build.0 = Release|Any CPU
		{81BD4BE8-6A66-4ACA-B3DF-DB12DEFEE1D9}.AppStore|iPhoneSimulator.Deploy.0 = Release|Any CPU
		{81BD4BE8-6A66-4ACA-B3DF-DB12DEFEE1D9}.AppStore|x64.ActiveCfg = Release|Any CPU
		{81BD4BE8-6A66-4ACA-B3DF-DB12DEFEE1D9}.AppStore|x64.Build.0 = Release|Any CPU
		{81BD4BE8-6A66-4ACA-B3DF-DB12DEFEE1D9}.AppStore|x64.Deploy.0 = Release|Any CPU
		{81BD4BE8-6A66-4ACA-B3DF-DB12DEFEE1D9}.AppStore|x86.ActiveCfg = Release|x86
		{81BD4BE8-6A66-4ACA-B3DF-DB12DEFEE1D9}.AppStore|x86.Build.0 = Release|x86
		{81BD4BE8-6A66-4ACA-B3DF-DB12DEFEE1D9}.AppStore|x86.Deploy.0 = Release|x86
		{81BD4BE8-6A66-4ACA-B3DF-DB12DEFEE1D9}.Debug|Any CPU.ActiveCfg = Debug|Any CPU
		{81BD4BE8-6A66-4ACA-B3DF-DB12DEFEE1D9}.Debug|Any CPU.Build.0 = Debug|Any CPU
		{81BD4BE8-6A66-4ACA-B3DF-DB12DEFEE1D9}.Debug|Any CPU.Deploy.0 = Debug|Any CPU
		{81BD4BE8-6A66-4ACA-B3DF-DB12DEFEE1D9}.Debug|ARM.ActiveCfg = Debug|ARM
		{81BD4BE8-6A66-4ACA-B3DF-DB12DEFEE1D9}.Debug|ARM.Build.0 = Debug|ARM
		{81BD4BE8-6A66-4ACA-B3DF-DB12DEFEE1D9}.Debug|ARM.Deploy.0 = Debug|ARM
		{81BD4BE8-6A66-4ACA-B3DF-DB12DEFEE1D9}.Debug|iPhone.ActiveCfg = Debug|Any CPU
		{81BD4BE8-6A66-4ACA-B3DF-DB12DEFEE1D9}.Debug|iPhone.Build.0 = Debug|Any CPU
		{81BD4BE8-6A66-4ACA-B3DF-DB12DEFEE1D9}.Debug|iPhone.Deploy.0 = Debug|Any CPU
		{81BD4BE8-6A66-4ACA-B3DF-DB12DEFEE1D9}.Debug|iPhoneSimulator.ActiveCfg = Debug|Any CPU
		{81BD4BE8-6A66-4ACA-B3DF-DB12DEFEE1D9}.Debug|iPhoneSimulator.Build.0 = Debug|Any CPU
		{81BD4BE8-6A66-4ACA-B3DF-DB12DEFEE1D9}.Debug|iPhoneSimulator.Deploy.0 = Debug|Any CPU
		{81BD4BE8-6A66-4ACA-B3DF-DB12DEFEE1D9}.Debug|x64.ActiveCfg = Debug|Any CPU
		{81BD4BE8-6A66-4ACA-B3DF-DB12DEFEE1D9}.Debug|x64.Build.0 = Debug|Any CPU
		{81BD4BE8-6A66-4ACA-B3DF-DB12DEFEE1D9}.Debug|x64.Deploy.0 = Debug|Any CPU
		{81BD4BE8-6A66-4ACA-B3DF-DB12DEFEE1D9}.Debug|x86.ActiveCfg = Debug|x86
		{81BD4BE8-6A66-4ACA-B3DF-DB12DEFEE1D9}.Debug|x86.Build.0 = Debug|x86
		{81BD4BE8-6A66-4ACA-B3DF-DB12DEFEE1D9}.Debug|x86.Deploy.0 = Debug|x86
		{81BD4BE8-6A66-4ACA-B3DF-DB12DEFEE1D9}.Release|Any CPU.ActiveCfg = Release|Any CPU
		{81BD4BE8-6A66-4ACA-B3DF-DB12DEFEE1D9}.Release|Any CPU.Build.0 = Release|Any CPU
		{81BD4BE8-6A66-4ACA-B3DF-DB12DEFEE1D9}.Release|Any CPU.Deploy.0 = Release|Any CPU
		{81BD4BE8-6A66-4ACA-B3DF-DB12DEFEE1D9}.Release|ARM.ActiveCfg = Release|ARM
		{81BD4BE8-6A66-4ACA-B3DF-DB12DEFEE1D9}.Release|ARM.Build.0 = Release|ARM
		{81BD4BE8-6A66-4ACA-B3DF-DB12DEFEE1D9}.Release|ARM.Deploy.0 = Release|ARM
		{81BD4BE8-6A66-4ACA-B3DF-DB12DEFEE1D9}.Release|iPhone.ActiveCfg = Release|Any CPU
		{81BD4BE8-6A66-4ACA-B3DF-DB12DEFEE1D9}.Release|iPhone.Build.0 = Release|Any CPU
		{81BD4BE8-6A66-4ACA-B3DF-DB12DEFEE1D9}.Release|iPhone.Deploy.0 = Release|Any CPU
		{81BD4BE8-6A66-4ACA-B3DF-DB12DEFEE1D9}.Release|iPhoneSimulator.ActiveCfg = Release|Any CPU
		{81BD4BE8-6A66-4ACA-B3DF-DB12DEFEE1D9}.Release|iPhoneSimulator.Build.0 = Release|Any CPU
		{81BD4BE8-6A66-4ACA-B3DF-DB12DEFEE1D9}.Release|iPhoneSimulator.Deploy.0 = Release|Any CPU
		{81BD4BE8-6A66-4ACA-B3DF-DB12DEFEE1D9}.Release|x64.ActiveCfg = Release|Any CPU
		{81BD4BE8-6A66-4ACA-B3DF-DB12DEFEE1D9}.Release|x64.Build.0 = Release|Any CPU
		{81BD4BE8-6A66-4ACA-B3DF-DB12DEFEE1D9}.Release|x64.Deploy.0 = Release|Any CPU
		{81BD4BE8-6A66-4ACA-B3DF-DB12DEFEE1D9}.Release|x86.ActiveCfg = Release|x86
		{81BD4BE8-6A66-4ACA-B3DF-DB12DEFEE1D9}.Release|x86.Build.0 = Release|x86
		{81BD4BE8-6A66-4ACA-B3DF-DB12DEFEE1D9}.Release|x86.Deploy.0 = Release|x86
		{6A1EAA84-32A5-4836-8C61-BB982AA70276}.Ad-Hoc|Any CPU.ActiveCfg = Release|x86
		{6A1EAA84-32A5-4836-8C61-BB982AA70276}.Ad-Hoc|Any CPU.Build.0 = Release|x86
		{6A1EAA84-32A5-4836-8C61-BB982AA70276}.Ad-Hoc|Any CPU.Deploy.0 = Release|x86
		{6A1EAA84-32A5-4836-8C61-BB982AA70276}.Ad-Hoc|ARM.ActiveCfg = Release|ARM
		{6A1EAA84-32A5-4836-8C61-BB982AA70276}.Ad-Hoc|ARM.Build.0 = Release|ARM
		{6A1EAA84-32A5-4836-8C61-BB982AA70276}.Ad-Hoc|ARM.Deploy.0 = Release|ARM
		{6A1EAA84-32A5-4836-8C61-BB982AA70276}.Ad-Hoc|iPhone.ActiveCfg = Release|x86
		{6A1EAA84-32A5-4836-8C61-BB982AA70276}.Ad-Hoc|iPhone.Build.0 = Release|x86
		{6A1EAA84-32A5-4836-8C61-BB982AA70276}.Ad-Hoc|iPhone.Deploy.0 = Release|x86
		{6A1EAA84-32A5-4836-8C61-BB982AA70276}.Ad-Hoc|iPhoneSimulator.ActiveCfg = Release|x86
		{6A1EAA84-32A5-4836-8C61-BB982AA70276}.Ad-Hoc|iPhoneSimulator.Build.0 = Release|x86
		{6A1EAA84-32A5-4836-8C61-BB982AA70276}.Ad-Hoc|iPhoneSimulator.Deploy.0 = Release|x86
		{6A1EAA84-32A5-4836-8C61-BB982AA70276}.Ad-Hoc|x64.ActiveCfg = Release|x64
		{6A1EAA84-32A5-4836-8C61-BB982AA70276}.Ad-Hoc|x64.Build.0 = Release|x64
		{6A1EAA84-32A5-4836-8C61-BB982AA70276}.Ad-Hoc|x64.Deploy.0 = Release|x64
		{6A1EAA84-32A5-4836-8C61-BB982AA70276}.Ad-Hoc|x86.ActiveCfg = Release|x86
		{6A1EAA84-32A5-4836-8C61-BB982AA70276}.Ad-Hoc|x86.Build.0 = Release|x86
		{6A1EAA84-32A5-4836-8C61-BB982AA70276}.Ad-Hoc|x86.Deploy.0 = Release|x86
		{6A1EAA84-32A5-4836-8C61-BB982AA70276}.AppStore|Any CPU.ActiveCfg = Release|x86
		{6A1EAA84-32A5-4836-8C61-BB982AA70276}.AppStore|Any CPU.Build.0 = Release|x86
		{6A1EAA84-32A5-4836-8C61-BB982AA70276}.AppStore|Any CPU.Deploy.0 = Release|x86
		{6A1EAA84-32A5-4836-8C61-BB982AA70276}.AppStore|ARM.ActiveCfg = Release|ARM
		{6A1EAA84-32A5-4836-8C61-BB982AA70276}.AppStore|ARM.Build.0 = Release|ARM
		{6A1EAA84-32A5-4836-8C61-BB982AA70276}.AppStore|ARM.Deploy.0 = Release|ARM
		{6A1EAA84-32A5-4836-8C61-BB982AA70276}.AppStore|iPhone.ActiveCfg = Release|x86
		{6A1EAA84-32A5-4836-8C61-BB982AA70276}.AppStore|iPhone.Build.0 = Release|x86
		{6A1EAA84-32A5-4836-8C61-BB982AA70276}.AppStore|iPhone.Deploy.0 = Release|x86
		{6A1EAA84-32A5-4836-8C61-BB982AA70276}.AppStore|iPhoneSimulator.ActiveCfg = Release|x86
		{6A1EAA84-32A5-4836-8C61-BB982AA70276}.AppStore|iPhoneSimulator.Build.0 = Release|x86
		{6A1EAA84-32A5-4836-8C61-BB982AA70276}.AppStore|iPhoneSimulator.Deploy.0 = Release|x86
		{6A1EAA84-32A5-4836-8C61-BB982AA70276}.AppStore|x64.ActiveCfg = Release|x64
		{6A1EAA84-32A5-4836-8C61-BB982AA70276}.AppStore|x64.Build.0 = Release|x64
		{6A1EAA84-32A5-4836-8C61-BB982AA70276}.AppStore|x64.Deploy.0 = Release|x64
		{6A1EAA84-32A5-4836-8C61-BB982AA70276}.AppStore|x86.ActiveCfg = Release|x86
		{6A1EAA84-32A5-4836-8C61-BB982AA70276}.AppStore|x86.Build.0 = Release|x86
		{6A1EAA84-32A5-4836-8C61-BB982AA70276}.AppStore|x86.Deploy.0 = Release|x86
		{6A1EAA84-32A5-4836-8C61-BB982AA70276}.Debug|Any CPU.ActiveCfg = Debug|x86
		{6A1EAA84-32A5-4836-8C61-BB982AA70276}.Debug|ARM.ActiveCfg = Debug|ARM
		{6A1EAA84-32A5-4836-8C61-BB982AA70276}.Debug|ARM.Build.0 = Debug|ARM
		{6A1EAA84-32A5-4836-8C61-BB982AA70276}.Debug|ARM.Deploy.0 = Debug|ARM
		{6A1EAA84-32A5-4836-8C61-BB982AA70276}.Debug|iPhone.ActiveCfg = Debug|x86
		{6A1EAA84-32A5-4836-8C61-BB982AA70276}.Debug|iPhoneSimulator.ActiveCfg = Debug|x86
		{6A1EAA84-32A5-4836-8C61-BB982AA70276}.Debug|x64.ActiveCfg = Debug|x64
		{6A1EAA84-32A5-4836-8C61-BB982AA70276}.Debug|x64.Build.0 = Debug|x64
		{6A1EAA84-32A5-4836-8C61-BB982AA70276}.Debug|x64.Deploy.0 = Debug|x64
		{6A1EAA84-32A5-4836-8C61-BB982AA70276}.Debug|x86.ActiveCfg = Debug|x86
		{6A1EAA84-32A5-4836-8C61-BB982AA70276}.Debug|x86.Build.0 = Debug|x86
		{6A1EAA84-32A5-4836-8C61-BB982AA70276}.Debug|x86.Deploy.0 = Debug|x86
		{6A1EAA84-32A5-4836-8C61-BB982AA70276}.Release|Any CPU.ActiveCfg = Release|x86
		{6A1EAA84-32A5-4836-8C61-BB982AA70276}.Release|ARM.ActiveCfg = Release|ARM
		{6A1EAA84-32A5-4836-8C61-BB982AA70276}.Release|ARM.Build.0 = Release|ARM
		{6A1EAA84-32A5-4836-8C61-BB982AA70276}.Release|ARM.Deploy.0 = Release|ARM
		{6A1EAA84-32A5-4836-8C61-BB982AA70276}.Release|iPhone.ActiveCfg = Release|x86
		{6A1EAA84-32A5-4836-8C61-BB982AA70276}.Release|iPhoneSimulator.ActiveCfg = Release|x86
		{6A1EAA84-32A5-4836-8C61-BB982AA70276}.Release|x64.ActiveCfg = Release|x64
		{6A1EAA84-32A5-4836-8C61-BB982AA70276}.Release|x64.Build.0 = Release|x64
		{6A1EAA84-32A5-4836-8C61-BB982AA70276}.Release|x64.Deploy.0 = Release|x64
		{6A1EAA84-32A5-4836-8C61-BB982AA70276}.Release|x86.ActiveCfg = Release|x86
		{6A1EAA84-32A5-4836-8C61-BB982AA70276}.Release|x86.Build.0 = Release|x86
		{6A1EAA84-32A5-4836-8C61-BB982AA70276}.Release|x86.Deploy.0 = Release|x86
		{4FD8EDB9-8DB2-4EEB-B27B-02201E878B72}.Ad-Hoc|Any CPU.ActiveCfg = Release|Any CPU
		{4FD8EDB9-8DB2-4EEB-B27B-02201E878B72}.Ad-Hoc|Any CPU.Build.0 = Release|Any CPU
		{4FD8EDB9-8DB2-4EEB-B27B-02201E878B72}.Ad-Hoc|Any CPU.Deploy.0 = Release|Any CPU
		{4FD8EDB9-8DB2-4EEB-B27B-02201E878B72}.Ad-Hoc|ARM.ActiveCfg = Release|ARM
		{4FD8EDB9-8DB2-4EEB-B27B-02201E878B72}.Ad-Hoc|ARM.Build.0 = Release|ARM
		{4FD8EDB9-8DB2-4EEB-B27B-02201E878B72}.Ad-Hoc|ARM.Deploy.0 = Release|ARM
		{4FD8EDB9-8DB2-4EEB-B27B-02201E878B72}.Ad-Hoc|iPhone.ActiveCfg = Release|Any CPU
		{4FD8EDB9-8DB2-4EEB-B27B-02201E878B72}.Ad-Hoc|iPhone.Build.0 = Release|Any CPU
		{4FD8EDB9-8DB2-4EEB-B27B-02201E878B72}.Ad-Hoc|iPhone.Deploy.0 = Release|Any CPU
		{4FD8EDB9-8DB2-4EEB-B27B-02201E878B72}.Ad-Hoc|iPhoneSimulator.ActiveCfg = Release|Any CPU
		{4FD8EDB9-8DB2-4EEB-B27B-02201E878B72}.Ad-Hoc|iPhoneSimulator.Build.0 = Release|Any CPU
		{4FD8EDB9-8DB2-4EEB-B27B-02201E878B72}.Ad-Hoc|iPhoneSimulator.Deploy.0 = Release|Any CPU
		{4FD8EDB9-8DB2-4EEB-B27B-02201E878B72}.Ad-Hoc|x64.ActiveCfg = Release|x64
		{4FD8EDB9-8DB2-4EEB-B27B-02201E878B72}.Ad-Hoc|x64.Build.0 = Release|x64
		{4FD8EDB9-8DB2-4EEB-B27B-02201E878B72}.Ad-Hoc|x64.Deploy.0 = Release|x64
		{4FD8EDB9-8DB2-4EEB-B27B-02201E878B72}.Ad-Hoc|x86.ActiveCfg = Release|x86
		{4FD8EDB9-8DB2-4EEB-B27B-02201E878B72}.Ad-Hoc|x86.Build.0 = Release|x86
		{4FD8EDB9-8DB2-4EEB-B27B-02201E878B72}.Ad-Hoc|x86.Deploy.0 = Release|x86
		{4FD8EDB9-8DB2-4EEB-B27B-02201E878B72}.AppStore|Any CPU.ActiveCfg = Release|Any CPU
		{4FD8EDB9-8DB2-4EEB-B27B-02201E878B72}.AppStore|Any CPU.Build.0 = Release|Any CPU
		{4FD8EDB9-8DB2-4EEB-B27B-02201E878B72}.AppStore|Any CPU.Deploy.0 = Release|Any CPU
		{4FD8EDB9-8DB2-4EEB-B27B-02201E878B72}.AppStore|ARM.ActiveCfg = Release|ARM
		{4FD8EDB9-8DB2-4EEB-B27B-02201E878B72}.AppStore|ARM.Build.0 = Release|ARM
		{4FD8EDB9-8DB2-4EEB-B27B-02201E878B72}.AppStore|ARM.Deploy.0 = Release|ARM
		{4FD8EDB9-8DB2-4EEB-B27B-02201E878B72}.AppStore|iPhone.ActiveCfg = Release|Any CPU
		{4FD8EDB9-8DB2-4EEB-B27B-02201E878B72}.AppStore|iPhone.Build.0 = Release|Any CPU
		{4FD8EDB9-8DB2-4EEB-B27B-02201E878B72}.AppStore|iPhone.Deploy.0 = Release|Any CPU
		{4FD8EDB9-8DB2-4EEB-B27B-02201E878B72}.AppStore|iPhoneSimulator.ActiveCfg = Release|Any CPU
		{4FD8EDB9-8DB2-4EEB-B27B-02201E878B72}.AppStore|iPhoneSimulator.Build.0 = Release|Any CPU
		{4FD8EDB9-8DB2-4EEB-B27B-02201E878B72}.AppStore|iPhoneSimulator.Deploy.0 = Release|Any CPU
		{4FD8EDB9-8DB2-4EEB-B27B-02201E878B72}.AppStore|x64.ActiveCfg = Release|x64
		{4FD8EDB9-8DB2-4EEB-B27B-02201E878B72}.AppStore|x64.Build.0 = Release|x64
		{4FD8EDB9-8DB2-4EEB-B27B-02201E878B72}.AppStore|x64.Deploy.0 = Release|x64
		{4FD8EDB9-8DB2-4EEB-B27B-02201E878B72}.AppStore|x86.ActiveCfg = Release|x86
		{4FD8EDB9-8DB2-4EEB-B27B-02201E878B72}.AppStore|x86.Build.0 = Release|x86
		{4FD8EDB9-8DB2-4EEB-B27B-02201E878B72}.AppStore|x86.Deploy.0 = Release|x86
		{4FD8EDB9-8DB2-4EEB-B27B-02201E878B72}.Debug|Any CPU.ActiveCfg = Debug|Any CPU
		{4FD8EDB9-8DB2-4EEB-B27B-02201E878B72}.Debug|Any CPU.Build.0 = Debug|Any CPU
		{4FD8EDB9-8DB2-4EEB-B27B-02201E878B72}.Debug|Any CPU.Deploy.0 = Debug|Any CPU
		{4FD8EDB9-8DB2-4EEB-B27B-02201E878B72}.Debug|ARM.ActiveCfg = Debug|ARM
		{4FD8EDB9-8DB2-4EEB-B27B-02201E878B72}.Debug|ARM.Build.0 = Debug|ARM
		{4FD8EDB9-8DB2-4EEB-B27B-02201E878B72}.Debug|ARM.Deploy.0 = Debug|ARM
		{4FD8EDB9-8DB2-4EEB-B27B-02201E878B72}.Debug|iPhone.ActiveCfg = Debug|Any CPU
		{4FD8EDB9-8DB2-4EEB-B27B-02201E878B72}.Debug|iPhone.Build.0 = Debug|Any CPU
		{4FD8EDB9-8DB2-4EEB-B27B-02201E878B72}.Debug|iPhone.Deploy.0 = Debug|Any CPU
		{4FD8EDB9-8DB2-4EEB-B27B-02201E878B72}.Debug|iPhoneSimulator.ActiveCfg = Debug|Any CPU
		{4FD8EDB9-8DB2-4EEB-B27B-02201E878B72}.Debug|iPhoneSimulator.Build.0 = Debug|Any CPU
		{4FD8EDB9-8DB2-4EEB-B27B-02201E878B72}.Debug|iPhoneSimulator.Deploy.0 = Debug|Any CPU
		{4FD8EDB9-8DB2-4EEB-B27B-02201E878B72}.Debug|x64.ActiveCfg = Debug|x64
		{4FD8EDB9-8DB2-4EEB-B27B-02201E878B72}.Debug|x64.Build.0 = Debug|x64
		{4FD8EDB9-8DB2-4EEB-B27B-02201E878B72}.Debug|x64.Deploy.0 = Debug|x64
		{4FD8EDB9-8DB2-4EEB-B27B-02201E878B72}.Debug|x86.ActiveCfg = Debug|x86
		{4FD8EDB9-8DB2-4EEB-B27B-02201E878B72}.Debug|x86.Build.0 = Debug|x86
		{4FD8EDB9-8DB2-4EEB-B27B-02201E878B72}.Debug|x86.Deploy.0 = Debug|x86
		{4FD8EDB9-8DB2-4EEB-B27B-02201E878B72}.Release|Any CPU.ActiveCfg = Release|Any CPU
		{4FD8EDB9-8DB2-4EEB-B27B-02201E878B72}.Release|Any CPU.Build.0 = Release|Any CPU
		{4FD8EDB9-8DB2-4EEB-B27B-02201E878B72}.Release|Any CPU.Deploy.0 = Release|Any CPU
		{4FD8EDB9-8DB2-4EEB-B27B-02201E878B72}.Release|ARM.ActiveCfg = Release|ARM
		{4FD8EDB9-8DB2-4EEB-B27B-02201E878B72}.Release|ARM.Build.0 = Release|ARM
		{4FD8EDB9-8DB2-4EEB-B27B-02201E878B72}.Release|ARM.Deploy.0 = Release|ARM
		{4FD8EDB9-8DB2-4EEB-B27B-02201E878B72}.Release|iPhone.ActiveCfg = Release|Any CPU
		{4FD8EDB9-8DB2-4EEB-B27B-02201E878B72}.Release|iPhone.Build.0 = Release|Any CPU
		{4FD8EDB9-8DB2-4EEB-B27B-02201E878B72}.Release|iPhone.Deploy.0 = Release|Any CPU
		{4FD8EDB9-8DB2-4EEB-B27B-02201E878B72}.Release|iPhoneSimulator.ActiveCfg = Release|Any CPU
		{4FD8EDB9-8DB2-4EEB-B27B-02201E878B72}.Release|iPhoneSimulator.Build.0 = Release|Any CPU
		{4FD8EDB9-8DB2-4EEB-B27B-02201E878B72}.Release|iPhoneSimulator.Deploy.0 = Release|Any CPU
		{4FD8EDB9-8DB2-4EEB-B27B-02201E878B72}.Release|x64.ActiveCfg = Release|x64
		{4FD8EDB9-8DB2-4EEB-B27B-02201E878B72}.Release|x64.Build.0 = Release|x64
		{4FD8EDB9-8DB2-4EEB-B27B-02201E878B72}.Release|x64.Deploy.0 = Release|x64
		{4FD8EDB9-8DB2-4EEB-B27B-02201E878B72}.Release|x86.ActiveCfg = Release|x86
		{4FD8EDB9-8DB2-4EEB-B27B-02201E878B72}.Release|x86.Build.0 = Release|x86
		{4FD8EDB9-8DB2-4EEB-B27B-02201E878B72}.Release|x86.Deploy.0 = Release|x86
	EndGlobalSection
	GlobalSection(SolutionProperties) = preSolution
		HideSolutionNode = FALSE
	EndGlobalSection
EndGlobal
