
Microsoft Visual Studio Solution File, Format Version 12.00
# Visual Studio 14
VisualStudioVersion = 14.0.25123.0
MinimumVisualStudioVersion = 10.0.40219.1
Project("{FAE04EC0-301F-11D3-BF4B-00C04F79EFBC}") = "UOCApp.Droid", "UOCApp\UOCApp.Droid\UOCApp.Droid.csproj", "{C86ADB85-88DC-455C-8642-D5B0F97F64CA}"
EndProject
Project("{FAE04EC0-301F-11D3-BF4B-00C04F79EFBC}") = "UOCApp.iOS", "UOCApp\UOCApp.iOS\UOCApp.iOS.csproj", "{0EAB4644-6AA6-4821-AA59-7977065F45BD}"
EndProject
Project("{FAE04EC0-301F-11D3-BF4B-00C04F79EFBC}") = "UOCApp.WinPhone", "UOCApp\UOCApp.WinPhone\UOCApp.WinPhone.csproj", "{82B77DBD-3238-4E62-94D8-697478EC71BF}"
EndProject
Project("{FAE04EC0-301F-11D3-BF4B-00C04F79EFBC}") = "UOCApp.UWP", "UOCApp\UOCApp.UWP\UOCApp.UWP.csproj", "{31E1AC98-D46F-438B-8AA6-473CCDB34D1E}"
EndProject
Project("{FAE04EC0-301F-11D3-BF4B-00C04F79EFBC}") = "UOCApp.Windows", "UOCApp\UOCApp.Windows\UOCApp.Windows.csproj", "{025EDD3E-9DAD-4041-8BF0-B7751AE710A3}"
EndProject
Project("{D954291E-2A0B-460D-934E-DC6B0785DB48}") = "UOCApp", "UOCApp\UOCApp\UOCApp.shproj", "{4F5C713B-918D-4B3A-9231-61E2B281AADC}"
EndProject
Global
	GlobalSection(SharedMSBuildProjectFiles) = preSolution
		UOCApp\UOCApp\UOCApp.projitems*{c86adb85-88dc-455c-8642-d5b0f97f64ca}*SharedItemsImports = 4
		UOCApp\UOCApp\UOCApp.projitems*{31e1ac98-d46f-438b-8aa6-473ccdb34d1e}*SharedItemsImports = 4
		UOCApp\UOCApp\UOCApp.projitems*{4f5c713b-918d-4b3a-9231-61e2b281aadc}*SharedItemsImports = 13
		UOCApp\UOCApp\UOCApp.projitems*{82b77dbd-3238-4e62-94d8-697478ec71bf}*SharedItemsImports = 4
		UOCApp\UOCApp\UOCApp.projitems*{0eab4644-6aa6-4821-aa59-7977065f45bd}*SharedItemsImports = 4
		UOCApp\UOCApp\UOCApp.projitems*{025edd3e-9dad-4041-8bf0-b7751ae710a3}*SharedItemsImports = 4
	EndGlobalSection
	GlobalSection(SolutionConfigurationPlatforms) = preSolution
		Ad-Hoc|Any CPU = Ad-Hoc|Any CPU
		Ad-Hoc|ARM = Ad-Hoc|ARM
		Ad-Hoc|iPhone = Ad-Hoc|iPhone
		Ad-Hoc|iPhoneSimulator = Ad-Hoc|iPhoneSimulator
		Ad-Hoc|x64 = Ad-Hoc|x64
		Ad-Hoc|x86 = Ad-Hoc|x86
		AppStore|Any CPU = AppStore|Any CPU
		AppStore|ARM = AppStore|ARM
		AppStore|iPhone = AppStore|iPhone
		AppStore|iPhoneSimulator = AppStore|iPhoneSimulator
		AppStore|x64 = AppStore|x64
		AppStore|x86 = AppStore|x86
		Debug|Any CPU = Debug|Any CPU
		Debug|ARM = Debug|ARM
		Debug|iPhone = Debug|iPhone
		Debug|iPhoneSimulator = Debug|iPhoneSimulator
		Debug|x64 = Debug|x64
		Debug|x86 = Debug|x86
		Release|Any CPU = Release|Any CPU
		Release|ARM = Release|ARM
		Release|iPhone = Release|iPhone
		Release|iPhoneSimulator = Release|iPhoneSimulator
		Release|x64 = Release|x64
		Release|x86 = Release|x86
	EndGlobalSection
	GlobalSection(ProjectConfigurationPlatforms) = postSolution
		{C86ADB85-88DC-455C-8642-D5B0F97F64CA}.Ad-Hoc|Any CPU.ActiveCfg = Release|Any CPU
		{C86ADB85-88DC-455C-8642-D5B0F97F64CA}.Ad-Hoc|Any CPU.Build.0 = Release|Any CPU
		{C86ADB85-88DC-455C-8642-D5B0F97F64CA}.Ad-Hoc|Any CPU.Deploy.0 = Release|Any CPU
		{C86ADB85-88DC-455C-8642-D5B0F97F64CA}.Ad-Hoc|ARM.ActiveCfg = Release|Any CPU
		{C86ADB85-88DC-455C-8642-D5B0F97F64CA}.Ad-Hoc|ARM.Build.0 = Release|Any CPU
		{C86ADB85-88DC-455C-8642-D5B0F97F64CA}.Ad-Hoc|ARM.Deploy.0 = Release|Any CPU
		{C86ADB85-88DC-455C-8642-D5B0F97F64CA}.Ad-Hoc|iPhone.ActiveCfg = Release|Any CPU
		{C86ADB85-88DC-455C-8642-D5B0F97F64CA}.Ad-Hoc|iPhone.Build.0 = Release|Any CPU
		{C86ADB85-88DC-455C-8642-D5B0F97F64CA}.Ad-Hoc|iPhone.Deploy.0 = Release|Any CPU
		{C86ADB85-88DC-455C-8642-D5B0F97F64CA}.Ad-Hoc|iPhoneSimulator.ActiveCfg = Release|Any CPU
		{C86ADB85-88DC-455C-8642-D5B0F97F64CA}.Ad-Hoc|iPhoneSimulator.Build.0 = Release|Any CPU
		{C86ADB85-88DC-455C-8642-D5B0F97F64CA}.Ad-Hoc|iPhoneSimulator.Deploy.0 = Release|Any CPU
		{C86ADB85-88DC-455C-8642-D5B0F97F64CA}.Ad-Hoc|x64.ActiveCfg = Release|Any CPU
		{C86ADB85-88DC-455C-8642-D5B0F97F64CA}.Ad-Hoc|x64.Build.0 = Release|Any CPU
		{C86ADB85-88DC-455C-8642-D5B0F97F64CA}.Ad-Hoc|x64.Deploy.0 = Release|Any CPU
		{C86ADB85-88DC-455C-8642-D5B0F97F64CA}.Ad-Hoc|x86.ActiveCfg = Release|Any CPU
		{C86ADB85-88DC-455C-8642-D5B0F97F64CA}.Ad-Hoc|x86.Build.0 = Release|Any CPU
		{C86ADB85-88DC-455C-8642-D5B0F97F64CA}.Ad-Hoc|x86.Deploy.0 = Release|Any CPU
		{C86ADB85-88DC-455C-8642-D5B0F97F64CA}.AppStore|Any CPU.ActiveCfg = Release|Any CPU
		{C86ADB85-88DC-455C-8642-D5B0F97F64CA}.AppStore|Any CPU.Build.0 = Release|Any CPU
		{C86ADB85-88DC-455C-8642-D5B0F97F64CA}.AppStore|Any CPU.Deploy.0 = Release|Any CPU
		{C86ADB85-88DC-455C-8642-D5B0F97F64CA}.AppStore|ARM.ActiveCfg = Release|Any CPU
		{C86ADB85-88DC-455C-8642-D5B0F97F64CA}.AppStore|ARM.Build.0 = Release|Any CPU
		{C86ADB85-88DC-455C-8642-D5B0F97F64CA}.AppStore|ARM.Deploy.0 = Release|Any CPU
		{C86ADB85-88DC-455C-8642-D5B0F97F64CA}.AppStore|iPhone.ActiveCfg = Release|Any CPU
		{C86ADB85-88DC-455C-8642-D5B0F97F64CA}.AppStore|iPhone.Build.0 = Release|Any CPU
		{C86ADB85-88DC-455C-8642-D5B0F97F64CA}.AppStore|iPhone.Deploy.0 = Release|Any CPU
		{C86ADB85-88DC-455C-8642-D5B0F97F64CA}.AppStore|iPhoneSimulator.ActiveCfg = Release|Any CPU
		{C86ADB85-88DC-455C-8642-D5B0F97F64CA}.AppStore|iPhoneSimulator.Build.0 = Release|Any CPU
		{C86ADB85-88DC-455C-8642-D5B0F97F64CA}.AppStore|iPhoneSimulator.Deploy.0 = Release|Any CPU
		{C86ADB85-88DC-455C-8642-D5B0F97F64CA}.AppStore|x64.ActiveCfg = Release|Any CPU
		{C86ADB85-88DC-455C-8642-D5B0F97F64CA}.AppStore|x64.Build.0 = Release|Any CPU
		{C86ADB85-88DC-455C-8642-D5B0F97F64CA}.AppStore|x64.Deploy.0 = Release|Any CPU
		{C86ADB85-88DC-455C-8642-D5B0F97F64CA}.AppStore|x86.ActiveCfg = Release|Any CPU
		{C86ADB85-88DC-455C-8642-D5B0F97F64CA}.AppStore|x86.Build.0 = Release|Any CPU
		{C86ADB85-88DC-455C-8642-D5B0F97F64CA}.AppStore|x86.Deploy.0 = Release|Any CPU
		{C86ADB85-88DC-455C-8642-D5B0F97F64CA}.Debug|Any CPU.ActiveCfg = Debug|Any CPU
		{C86ADB85-88DC-455C-8642-D5B0F97F64CA}.Debug|Any CPU.Build.0 = Debug|Any CPU
		{C86ADB85-88DC-455C-8642-D5B0F97F64CA}.Debug|Any CPU.Deploy.0 = Debug|Any CPU
		{C86ADB85-88DC-455C-8642-D5B0F97F64CA}.Debug|ARM.ActiveCfg = Debug|Any CPU
		{C86ADB85-88DC-455C-8642-D5B0F97F64CA}.Debug|ARM.Build.0 = Debug|Any CPU
		{C86ADB85-88DC-455C-8642-D5B0F97F64CA}.Debug|ARM.Deploy.0 = Debug|Any CPU
		{C86ADB85-88DC-455C-8642-D5B0F97F64CA}.Debug|iPhone.ActiveCfg = Debug|Any CPU
		{C86ADB85-88DC-455C-8642-D5B0F97F64CA}.Debug|iPhone.Build.0 = Debug|Any CPU
		{C86ADB85-88DC-455C-8642-D5B0F97F64CA}.Debug|iPhone.Deploy.0 = Debug|Any CPU
		{C86ADB85-88DC-455C-8642-D5B0F97F64CA}.Debug|iPhoneSimulator.ActiveCfg = Debug|Any CPU
		{C86ADB85-88DC-455C-8642-D5B0F97F64CA}.Debug|iPhoneSimulator.Build.0 = Debug|Any CPU
		{C86ADB85-88DC-455C-8642-D5B0F97F64CA}.Debug|iPhoneSimulator.Deploy.0 = Debug|Any CPU
		{C86ADB85-88DC-455C-8642-D5B0F97F64CA}.Debug|x64.ActiveCfg = Debug|Any CPU
		{C86ADB85-88DC-455C-8642-D5B0F97F64CA}.Debug|x64.Build.0 = Debug|Any CPU
		{C86ADB85-88DC-455C-8642-D5B0F97F64CA}.Debug|x64.Deploy.0 = Debug|Any CPU
		{C86ADB85-88DC-455C-8642-D5B0F97F64CA}.Debug|x86.ActiveCfg = Debug|Any CPU
		{C86ADB85-88DC-455C-8642-D5B0F97F64CA}.Debug|x86.Build.0 = Debug|Any CPU
		{C86ADB85-88DC-455C-8642-D5B0F97F64CA}.Debug|x86.Deploy.0 = Debug|Any CPU
		{C86ADB85-88DC-455C-8642-D5B0F97F64CA}.Release|Any CPU.ActiveCfg = Release|Any CPU
		{C86ADB85-88DC-455C-8642-D5B0F97F64CA}.Release|Any CPU.Build.0 = Release|Any CPU
		{C86ADB85-88DC-455C-8642-D5B0F97F64CA}.Release|Any CPU.Deploy.0 = Release|Any CPU
		{C86ADB85-88DC-455C-8642-D5B0F97F64CA}.Release|ARM.ActiveCfg = Release|Any CPU
		{C86ADB85-88DC-455C-8642-D5B0F97F64CA}.Release|ARM.Build.0 = Release|Any CPU
		{C86ADB85-88DC-455C-8642-D5B0F97F64CA}.Release|ARM.Deploy.0 = Release|Any CPU
		{C86ADB85-88DC-455C-8642-D5B0F97F64CA}.Release|iPhone.ActiveCfg = Release|Any CPU
		{C86ADB85-88DC-455C-8642-D5B0F97F64CA}.Release|iPhone.Build.0 = Release|Any CPU
		{C86ADB85-88DC-455C-8642-D5B0F97F64CA}.Release|iPhone.Deploy.0 = Release|Any CPU
		{C86ADB85-88DC-455C-8642-D5B0F97F64CA}.Release|iPhoneSimulator.ActiveCfg = Release|Any CPU
		{C86ADB85-88DC-455C-8642-D5B0F97F64CA}.Release|iPhoneSimulator.Build.0 = Release|Any CPU
		{C86ADB85-88DC-455C-8642-D5B0F97F64CA}.Release|iPhoneSimulator.Deploy.0 = Release|Any CPU
		{C86ADB85-88DC-455C-8642-D5B0F97F64CA}.Release|x64.ActiveCfg = Release|Any CPU
		{C86ADB85-88DC-455C-8642-D5B0F97F64CA}.Release|x64.Build.0 = Release|Any CPU
		{C86ADB85-88DC-455C-8642-D5B0F97F64CA}.Release|x64.Deploy.0 = Release|Any CPU
		{C86ADB85-88DC-455C-8642-D5B0F97F64CA}.Release|x86.ActiveCfg = Release|Any CPU
		{C86ADB85-88DC-455C-8642-D5B0F97F64CA}.Release|x86.Build.0 = Release|Any CPU
		{C86ADB85-88DC-455C-8642-D5B0F97F64CA}.Release|x86.Deploy.0 = Release|Any CPU
		{0EAB4644-6AA6-4821-AA59-7977065F45BD}.Ad-Hoc|Any CPU.ActiveCfg = Ad-Hoc|iPhone
		{0EAB4644-6AA6-4821-AA59-7977065F45BD}.Ad-Hoc|ARM.ActiveCfg = Ad-Hoc|iPhone
		{0EAB4644-6AA6-4821-AA59-7977065F45BD}.Ad-Hoc|iPhone.ActiveCfg = Ad-Hoc|iPhone
		{0EAB4644-6AA6-4821-AA59-7977065F45BD}.Ad-Hoc|iPhone.Build.0 = Ad-Hoc|iPhone
		{0EAB4644-6AA6-4821-AA59-7977065F45BD}.Ad-Hoc|iPhoneSimulator.ActiveCfg = Ad-Hoc|iPhoneSimulator
		{0EAB4644-6AA6-4821-AA59-7977065F45BD}.Ad-Hoc|iPhoneSimulator.Build.0 = Ad-Hoc|iPhoneSimulator
		{0EAB4644-6AA6-4821-AA59-7977065F45BD}.Ad-Hoc|x64.ActiveCfg = Ad-Hoc|iPhone
		{0EAB4644-6AA6-4821-AA59-7977065F45BD}.Ad-Hoc|x86.ActiveCfg = Ad-Hoc|iPhone
		{0EAB4644-6AA6-4821-AA59-7977065F45BD}.AppStore|Any CPU.ActiveCfg = AppStore|iPhone
		{0EAB4644-6AA6-4821-AA59-7977065F45BD}.AppStore|ARM.ActiveCfg = AppStore|iPhone
		{0EAB4644-6AA6-4821-AA59-7977065F45BD}.AppStore|iPhone.ActiveCfg = AppStore|iPhone
		{0EAB4644-6AA6-4821-AA59-7977065F45BD}.AppStore|iPhone.Build.0 = AppStore|iPhone
		{0EAB4644-6AA6-4821-AA59-7977065F45BD}.AppStore|iPhoneSimulator.ActiveCfg = AppStore|iPhoneSimulator
		{0EAB4644-6AA6-4821-AA59-7977065F45BD}.AppStore|iPhoneSimulator.Build.0 = AppStore|iPhoneSimulator
		{0EAB4644-6AA6-4821-AA59-7977065F45BD}.AppStore|x64.ActiveCfg = AppStore|iPhone
		{0EAB4644-6AA6-4821-AA59-7977065F45BD}.AppStore|x86.ActiveCfg = AppStore|iPhone
		{0EAB4644-6AA6-4821-AA59-7977065F45BD}.Debug|Any CPU.ActiveCfg = Debug|iPhone
		{0EAB4644-6AA6-4821-AA59-7977065F45BD}.Debug|ARM.ActiveCfg = Debug|iPhone
		{0EAB4644-6AA6-4821-AA59-7977065F45BD}.Debug|iPhone.ActiveCfg = Debug|iPhone
		{0EAB4644-6AA6-4821-AA59-7977065F45BD}.Debug|iPhone.Build.0 = Debug|iPhone
		{0EAB4644-6AA6-4821-AA59-7977065F45BD}.Debug|iPhoneSimulator.ActiveCfg = Debug|iPhoneSimulator
		{0EAB4644-6AA6-4821-AA59-7977065F45BD}.Debug|iPhoneSimulator.Build.0 = Debug|iPhoneSimulator
		{0EAB4644-6AA6-4821-AA59-7977065F45BD}.Debug|x64.ActiveCfg = Debug|iPhone
		{0EAB4644-6AA6-4821-AA59-7977065F45BD}.Debug|x86.ActiveCfg = Debug|iPhone
		{0EAB4644-6AA6-4821-AA59-7977065F45BD}.Release|Any CPU.ActiveCfg = Release|iPhone
		{0EAB4644-6AA6-4821-AA59-7977065F45BD}.Release|ARM.ActiveCfg = Release|iPhone
		{0EAB4644-6AA6-4821-AA59-7977065F45BD}.Release|iPhone.ActiveCfg = Release|iPhone
		{0EAB4644-6AA6-4821-AA59-7977065F45BD}.Release|iPhone.Build.0 = Release|iPhone
		{0EAB4644-6AA6-4821-AA59-7977065F45BD}.Release|iPhoneSimulator.ActiveCfg = Release|iPhoneSimulator
		{0EAB4644-6AA6-4821-AA59-7977065F45BD}.Release|iPhoneSimulator.Build.0 = Release|iPhoneSimulator
		{0EAB4644-6AA6-4821-AA59-7977065F45BD}.Release|x64.ActiveCfg = Release|iPhone
		{0EAB4644-6AA6-4821-AA59-7977065F45BD}.Release|x86.ActiveCfg = Release|iPhone
		{82B77DBD-3238-4E62-94D8-697478EC71BF}.Ad-Hoc|Any CPU.ActiveCfg = Release|Any CPU
		{82B77DBD-3238-4E62-94D8-697478EC71BF}.Ad-Hoc|Any CPU.Build.0 = Release|Any CPU
		{82B77DBD-3238-4E62-94D8-697478EC71BF}.Ad-Hoc|Any CPU.Deploy.0 = Release|Any CPU
		{82B77DBD-3238-4E62-94D8-697478EC71BF}.Ad-Hoc|ARM.ActiveCfg = Release|ARM
		{82B77DBD-3238-4E62-94D8-697478EC71BF}.Ad-Hoc|ARM.Build.0 = Release|ARM
		{82B77DBD-3238-4E62-94D8-697478EC71BF}.Ad-Hoc|ARM.Deploy.0 = Release|ARM
		{82B77DBD-3238-4E62-94D8-697478EC71BF}.Ad-Hoc|iPhone.ActiveCfg = Release|Any CPU
		{82B77DBD-3238-4E62-94D8-697478EC71BF}.Ad-Hoc|iPhone.Build.0 = Release|Any CPU
		{82B77DBD-3238-4E62-94D8-697478EC71BF}.Ad-Hoc|iPhone.Deploy.0 = Release|Any CPU
		{82B77DBD-3238-4E62-94D8-697478EC71BF}.Ad-Hoc|iPhoneSimulator.ActiveCfg = Release|Any CPU
		{82B77DBD-3238-4E62-94D8-697478EC71BF}.Ad-Hoc|iPhoneSimulator.Build.0 = Release|Any CPU
		{82B77DBD-3238-4E62-94D8-697478EC71BF}.Ad-Hoc|iPhoneSimulator.Deploy.0 = Release|Any CPU
		{82B77DBD-3238-4E62-94D8-697478EC71BF}.Ad-Hoc|x64.ActiveCfg = Release|Any CPU
		{82B77DBD-3238-4E62-94D8-697478EC71BF}.Ad-Hoc|x64.Build.0 = Release|Any CPU
		{82B77DBD-3238-4E62-94D8-697478EC71BF}.Ad-Hoc|x64.Deploy.0 = Release|Any CPU
		{82B77DBD-3238-4E62-94D8-697478EC71BF}.Ad-Hoc|x86.ActiveCfg = Release|x86
		{82B77DBD-3238-4E62-94D8-697478EC71BF}.Ad-Hoc|x86.Build.0 = Release|x86
		{82B77DBD-3238-4E62-94D8-697478EC71BF}.Ad-Hoc|x86.Deploy.0 = Release|x86
		{82B77DBD-3238-4E62-94D8-697478EC71BF}.AppStore|Any CPU.ActiveCfg = Release|Any CPU
		{82B77DBD-3238-4E62-94D8-697478EC71BF}.AppStore|Any CPU.Build.0 = Release|Any CPU
		{82B77DBD-3238-4E62-94D8-697478EC71BF}.AppStore|Any CPU.Deploy.0 = Release|Any CPU
		{82B77DBD-3238-4E62-94D8-697478EC71BF}.AppStore|ARM.ActiveCfg = Release|ARM
		{82B77DBD-3238-4E62-94D8-697478EC71BF}.AppStore|ARM.Build.0 = Release|ARM
		{82B77DBD-3238-4E62-94D8-697478EC71BF}.AppStore|ARM.Deploy.0 = Release|ARM
		{82B77DBD-3238-4E62-94D8-697478EC71BF}.AppStore|iPhone.ActiveCfg = Release|Any CPU
		{82B77DBD-3238-4E62-94D8-697478EC71BF}.AppStore|iPhone.Build.0 = Release|Any CPU
		{82B77DBD-3238-4E62-94D8-697478EC71BF}.AppStore|iPhone.Deploy.0 = Release|Any CPU
		{82B77DBD-3238-4E62-94D8-697478EC71BF}.AppStore|iPhoneSimulator.ActiveCfg = Release|Any CPU
		{82B77DBD-3238-4E62-94D8-697478EC71BF}.AppStore|iPhoneSimulator.Build.0 = Release|Any CPU
		{82B77DBD-3238-4E62-94D8-697478EC71BF}.AppStore|iPhoneSimulator.Deploy.0 = Release|Any CPU
		{82B77DBD-3238-4E62-94D8-697478EC71BF}.AppStore|x64.ActiveCfg = Release|Any CPU
		{82B77DBD-3238-4E62-94D8-697478EC71BF}.AppStore|x64.Build.0 = Release|Any CPU
		{82B77DBD-3238-4E62-94D8-697478EC71BF}.AppStore|x64.Deploy.0 = Release|Any CPU
		{82B77DBD-3238-4E62-94D8-697478EC71BF}.AppStore|x86.ActiveCfg = Release|x86
		{82B77DBD-3238-4E62-94D8-697478EC71BF}.AppStore|x86.Build.0 = Release|x86
		{82B77DBD-3238-4E62-94D8-697478EC71BF}.AppStore|x86.Deploy.0 = Release|x86
		{82B77DBD-3238-4E62-94D8-697478EC71BF}.Debug|Any CPU.ActiveCfg = Debug|Any CPU
		{82B77DBD-3238-4E62-94D8-697478EC71BF}.Debug|Any CPU.Build.0 = Debug|Any CPU
		{82B77DBD-3238-4E62-94D8-697478EC71BF}.Debug|Any CPU.Deploy.0 = Debug|Any CPU
		{82B77DBD-3238-4E62-94D8-697478EC71BF}.Debug|ARM.ActiveCfg = Debug|ARM
		{82B77DBD-3238-4E62-94D8-697478EC71BF}.Debug|ARM.Build.0 = Debug|ARM
		{82B77DBD-3238-4E62-94D8-697478EC71BF}.Debug|ARM.Deploy.0 = Debug|ARM
		{82B77DBD-3238-4E62-94D8-697478EC71BF}.Debug|iPhone.ActiveCfg = Debug|Any CPU
		{82B77DBD-3238-4E62-94D8-697478EC71BF}.Debug|iPhone.Build.0 = Debug|Any CPU
		{82B77DBD-3238-4E62-94D8-697478EC71BF}.Debug|iPhone.Deploy.0 = Debug|Any CPU
		{82B77DBD-3238-4E62-94D8-697478EC71BF}.Debug|iPhoneSimulator.ActiveCfg = Debug|Any CPU
		{82B77DBD-3238-4E62-94D8-697478EC71BF}.Debug|iPhoneSimulator.Build.0 = Debug|Any CPU
		{82B77DBD-3238-4E62-94D8-697478EC71BF}.Debug|iPhoneSimulator.Deploy.0 = Debug|Any CPU
		{82B77DBD-3238-4E62-94D8-697478EC71BF}.Debug|x64.ActiveCfg = Debug|Any CPU
		{82B77DBD-3238-4E62-94D8-697478EC71BF}.Debug|x64.Build.0 = Debug|Any CPU
		{82B77DBD-3238-4E62-94D8-697478EC71BF}.Debug|x64.Deploy.0 = Debug|Any CPU
		{82B77DBD-3238-4E62-94D8-697478EC71BF}.Debug|x86.ActiveCfg = Debug|x86
		{82B77DBD-3238-4E62-94D8-697478EC71BF}.Debug|x86.Build.0 = Debug|x86
		{82B77DBD-3238-4E62-94D8-697478EC71BF}.Debug|x86.Deploy.0 = Debug|x86
		{82B77DBD-3238-4E62-94D8-697478EC71BF}.Release|Any CPU.ActiveCfg = Release|Any CPU
		{82B77DBD-3238-4E62-94D8-697478EC71BF}.Release|Any CPU.Build.0 = Release|Any CPU
		{82B77DBD-3238-4E62-94D8-697478EC71BF}.Release|Any CPU.Deploy.0 = Release|Any CPU
		{82B77DBD-3238-4E62-94D8-697478EC71BF}.Release|ARM.ActiveCfg = Release|ARM
		{82B77DBD-3238-4E62-94D8-697478EC71BF}.Release|ARM.Build.0 = Release|ARM
		{82B77DBD-3238-4E62-94D8-697478EC71BF}.Release|ARM.Deploy.0 = Release|ARM
		{82B77DBD-3238-4E62-94D8-697478EC71BF}.Release|iPhone.ActiveCfg = Release|Any CPU
		{82B77DBD-3238-4E62-94D8-697478EC71BF}.Release|iPhone.Build.0 = Release|Any CPU
		{82B77DBD-3238-4E62-94D8-697478EC71BF}.Release|iPhone.Deploy.0 = Release|Any CPU
		{82B77DBD-3238-4E62-94D8-697478EC71BF}.Release|iPhoneSimulator.ActiveCfg = Release|Any CPU
		{82B77DBD-3238-4E62-94D8-697478EC71BF}.Release|iPhoneSimulator.Build.0 = Release|Any CPU
		{82B77DBD-3238-4E62-94D8-697478EC71BF}.Release|iPhoneSimulator.Deploy.0 = Release|Any CPU
		{82B77DBD-3238-4E62-94D8-697478EC71BF}.Release|x64.ActiveCfg = Release|Any CPU
		{82B77DBD-3238-4E62-94D8-697478EC71BF}.Release|x64.Build.0 = Release|Any CPU
		{82B77DBD-3238-4E62-94D8-697478EC71BF}.Release|x64.Deploy.0 = Release|Any CPU
		{82B77DBD-3238-4E62-94D8-697478EC71BF}.Release|x86.ActiveCfg = Release|x86
		{82B77DBD-3238-4E62-94D8-697478EC71BF}.Release|x86.Build.0 = Release|x86
		{82B77DBD-3238-4E62-94D8-697478EC71BF}.Release|x86.Deploy.0 = Release|x86
		{31E1AC98-D46F-438B-8AA6-473CCDB34D1E}.Ad-Hoc|Any CPU.ActiveCfg = Release|x86
		{31E1AC98-D46F-438B-8AA6-473CCDB34D1E}.Ad-Hoc|Any CPU.Build.0 = Release|x86
		{31E1AC98-D46F-438B-8AA6-473CCDB34D1E}.Ad-Hoc|Any CPU.Deploy.0 = Release|x86
		{31E1AC98-D46F-438B-8AA6-473CCDB34D1E}.Ad-Hoc|ARM.ActiveCfg = Release|ARM
		{31E1AC98-D46F-438B-8AA6-473CCDB34D1E}.Ad-Hoc|ARM.Build.0 = Release|ARM
		{31E1AC98-D46F-438B-8AA6-473CCDB34D1E}.Ad-Hoc|ARM.Deploy.0 = Release|ARM
		{31E1AC98-D46F-438B-8AA6-473CCDB34D1E}.Ad-Hoc|iPhone.ActiveCfg = Release|x86
		{31E1AC98-D46F-438B-8AA6-473CCDB34D1E}.Ad-Hoc|iPhone.Build.0 = Release|x86
		{31E1AC98-D46F-438B-8AA6-473CCDB34D1E}.Ad-Hoc|iPhone.Deploy.0 = Release|x86
		{31E1AC98-D46F-438B-8AA6-473CCDB34D1E}.Ad-Hoc|iPhoneSimulator.ActiveCfg = Release|x86
		{31E1AC98-D46F-438B-8AA6-473CCDB34D1E}.Ad-Hoc|iPhoneSimulator.Build.0 = Release|x86
		{31E1AC98-D46F-438B-8AA6-473CCDB34D1E}.Ad-Hoc|iPhoneSimulator.Deploy.0 = Release|x86
		{31E1AC98-D46F-438B-8AA6-473CCDB34D1E}.Ad-Hoc|x64.ActiveCfg = Release|x64
		{31E1AC98-D46F-438B-8AA6-473CCDB34D1E}.Ad-Hoc|x64.Build.0 = Release|x64
		{31E1AC98-D46F-438B-8AA6-473CCDB34D1E}.Ad-Hoc|x64.Deploy.0 = Release|x64
		{31E1AC98-D46F-438B-8AA6-473CCDB34D1E}.Ad-Hoc|x86.ActiveCfg = Release|x86
		{31E1AC98-D46F-438B-8AA6-473CCDB34D1E}.Ad-Hoc|x86.Build.0 = Release|x86
		{31E1AC98-D46F-438B-8AA6-473CCDB34D1E}.Ad-Hoc|x86.Deploy.0 = Release|x86
		{31E1AC98-D46F-438B-8AA6-473CCDB34D1E}.AppStore|Any CPU.ActiveCfg = Release|x86
		{31E1AC98-D46F-438B-8AA6-473CCDB34D1E}.AppStore|Any CPU.Build.0 = Release|x86
		{31E1AC98-D46F-438B-8AA6-473CCDB34D1E}.AppStore|Any CPU.Deploy.0 = Release|x86
		{31E1AC98-D46F-438B-8AA6-473CCDB34D1E}.AppStore|ARM.ActiveCfg = Release|ARM
		{31E1AC98-D46F-438B-8AA6-473CCDB34D1E}.AppStore|ARM.Build.0 = Release|ARM
		{31E1AC98-D46F-438B-8AA6-473CCDB34D1E}.AppStore|ARM.Deploy.0 = Release|ARM
		{31E1AC98-D46F-438B-8AA6-473CCDB34D1E}.AppStore|iPhone.ActiveCfg = Release|x86
		{31E1AC98-D46F-438B-8AA6-473CCDB34D1E}.AppStore|iPhone.Build.0 = Release|x86
		{31E1AC98-D46F-438B-8AA6-473CCDB34D1E}.AppStore|iPhone.Deploy.0 = Release|x86
		{31E1AC98-D46F-438B-8AA6-473CCDB34D1E}.AppStore|iPhoneSimulator.ActiveCfg = Release|x86
		{31E1AC98-D46F-438B-8AA6-473CCDB34D1E}.AppStore|iPhoneSimulator.Build.0 = Release|x86
		{31E1AC98-D46F-438B-8AA6-473CCDB34D1E}.AppStore|iPhoneSimulator.Deploy.0 = Release|x86
		{31E1AC98-D46F-438B-8AA6-473CCDB34D1E}.AppStore|x64.ActiveCfg = Release|x64
		{31E1AC98-D46F-438B-8AA6-473CCDB34D1E}.AppStore|x64.Build.0 = Release|x64
		{31E1AC98-D46F-438B-8AA6-473CCDB34D1E}.AppStore|x64.Deploy.0 = Release|x64
		{31E1AC98-D46F-438B-8AA6-473CCDB34D1E}.AppStore|x86.ActiveCfg = Release|x86
		{31E1AC98-D46F-438B-8AA6-473CCDB34D1E}.AppStore|x86.Build.0 = Release|x86
		{31E1AC98-D46F-438B-8AA6-473CCDB34D1E}.AppStore|x86.Deploy.0 = Release|x86
		{31E1AC98-D46F-438B-8AA6-473CCDB34D1E}.Debug|Any CPU.ActiveCfg = Debug|x86
		{31E1AC98-D46F-438B-8AA6-473CCDB34D1E}.Debug|ARM.ActiveCfg = Debug|ARM
		{31E1AC98-D46F-438B-8AA6-473CCDB34D1E}.Debug|ARM.Build.0 = Debug|ARM
		{31E1AC98-D46F-438B-8AA6-473CCDB34D1E}.Debug|ARM.Deploy.0 = Debug|ARM
		{31E1AC98-D46F-438B-8AA6-473CCDB34D1E}.Debug|iPhone.ActiveCfg = Debug|x86
		{31E1AC98-D46F-438B-8AA6-473CCDB34D1E}.Debug|iPhoneSimulator.ActiveCfg = Debug|x86
		{31E1AC98-D46F-438B-8AA6-473CCDB34D1E}.Debug|x64.ActiveCfg = Debug|x64
		{31E1AC98-D46F-438B-8AA6-473CCDB34D1E}.Debug|x64.Build.0 = Debug|x64
		{31E1AC98-D46F-438B-8AA6-473CCDB34D1E}.Debug|x64.Deploy.0 = Debug|x64
		{31E1AC98-D46F-438B-8AA6-473CCDB34D1E}.Debug|x86.ActiveCfg = Debug|x86
		{31E1AC98-D46F-438B-8AA6-473CCDB34D1E}.Debug|x86.Build.0 = Debug|x86
		{31E1AC98-D46F-438B-8AA6-473CCDB34D1E}.Debug|x86.Deploy.0 = Debug|x86
		{31E1AC98-D46F-438B-8AA6-473CCDB34D1E}.Release|Any CPU.ActiveCfg = Release|x86
		{31E1AC98-D46F-438B-8AA6-473CCDB34D1E}.Release|ARM.ActiveCfg = Release|ARM
		{31E1AC98-D46F-438B-8AA6-473CCDB34D1E}.Release|ARM.Build.0 = Release|ARM
		{31E1AC98-D46F-438B-8AA6-473CCDB34D1E}.Release|ARM.Deploy.0 = Release|ARM
		{31E1AC98-D46F-438B-8AA6-473CCDB34D1E}.Release|iPhone.ActiveCfg = Release|x86
		{31E1AC98-D46F-438B-8AA6-473CCDB34D1E}.Release|iPhoneSimulator.ActiveCfg = Release|x86
		{31E1AC98-D46F-438B-8AA6-473CCDB34D1E}.Release|x64.ActiveCfg = Release|x64
		{31E1AC98-D46F-438B-8AA6-473CCDB34D1E}.Release|x64.Build.0 = Release|x64
		{31E1AC98-D46F-438B-8AA6-473CCDB34D1E}.Release|x64.Deploy.0 = Release|x64
		{31E1AC98-D46F-438B-8AA6-473CCDB34D1E}.Release|x86.ActiveCfg = Release|x86
		{31E1AC98-D46F-438B-8AA6-473CCDB34D1E}.Release|x86.Build.0 = Release|x86
		{31E1AC98-D46F-438B-8AA6-473CCDB34D1E}.Release|x86.Deploy.0 = Release|x86
		{025EDD3E-9DAD-4041-8BF0-B7751AE710A3}.Ad-Hoc|Any CPU.ActiveCfg = Release|Any CPU
		{025EDD3E-9DAD-4041-8BF0-B7751AE710A3}.Ad-Hoc|Any CPU.Build.0 = Release|Any CPU
		{025EDD3E-9DAD-4041-8BF0-B7751AE710A3}.Ad-Hoc|Any CPU.Deploy.0 = Release|Any CPU
		{025EDD3E-9DAD-4041-8BF0-B7751AE710A3}.Ad-Hoc|ARM.ActiveCfg = Release|ARM
		{025EDD3E-9DAD-4041-8BF0-B7751AE710A3}.Ad-Hoc|ARM.Build.0 = Release|ARM
		{025EDD3E-9DAD-4041-8BF0-B7751AE710A3}.Ad-Hoc|ARM.Deploy.0 = Release|ARM
		{025EDD3E-9DAD-4041-8BF0-B7751AE710A3}.Ad-Hoc|iPhone.ActiveCfg = Release|Any CPU
		{025EDD3E-9DAD-4041-8BF0-B7751AE710A3}.Ad-Hoc|iPhone.Build.0 = Release|Any CPU
		{025EDD3E-9DAD-4041-8BF0-B7751AE710A3}.Ad-Hoc|iPhone.Deploy.0 = Release|Any CPU
		{025EDD3E-9DAD-4041-8BF0-B7751AE710A3}.Ad-Hoc|iPhoneSimulator.ActiveCfg = Release|Any CPU
		{025EDD3E-9DAD-4041-8BF0-B7751AE710A3}.Ad-Hoc|iPhoneSimulator.Build.0 = Release|Any CPU
		{025EDD3E-9DAD-4041-8BF0-B7751AE710A3}.Ad-Hoc|iPhoneSimulator.Deploy.0 = Release|Any CPU
		{025EDD3E-9DAD-4041-8BF0-B7751AE710A3}.Ad-Hoc|x64.ActiveCfg = Release|x64
		{025EDD3E-9DAD-4041-8BF0-B7751AE710A3}.Ad-Hoc|x64.Build.0 = Release|x64
		{025EDD3E-9DAD-4041-8BF0-B7751AE710A3}.Ad-Hoc|x64.Deploy.0 = Release|x64
		{025EDD3E-9DAD-4041-8BF0-B7751AE710A3}.Ad-Hoc|x86.ActiveCfg = Release|x86
		{025EDD3E-9DAD-4041-8BF0-B7751AE710A3}.Ad-Hoc|x86.Build.0 = Release|x86
		{025EDD3E-9DAD-4041-8BF0-B7751AE710A3}.Ad-Hoc|x86.Deploy.0 = Release|x86
		{025EDD3E-9DAD-4041-8BF0-B7751AE710A3}.AppStore|Any CPU.ActiveCfg = Release|Any CPU
		{025EDD3E-9DAD-4041-8BF0-B7751AE710A3}.AppStore|Any CPU.Build.0 = Release|Any CPU
		{025EDD3E-9DAD-4041-8BF0-B7751AE710A3}.AppStore|Any CPU.Deploy.0 = Release|Any CPU
		{025EDD3E-9DAD-4041-8BF0-B7751AE710A3}.AppStore|ARM.ActiveCfg = Release|ARM
		{025EDD3E-9DAD-4041-8BF0-B7751AE710A3}.AppStore|ARM.Build.0 = Release|ARM
		{025EDD3E-9DAD-4041-8BF0-B7751AE710A3}.AppStore|ARM.Deploy.0 = Release|ARM
		{025EDD3E-9DAD-4041-8BF0-B7751AE710A3}.AppStore|iPhone.ActiveCfg = Release|Any CPU
		{025EDD3E-9DAD-4041-8BF0-B7751AE710A3}.AppStore|iPhone.Build.0 = Release|Any CPU
		{025EDD3E-9DAD-4041-8BF0-B7751AE710A3}.AppStore|iPhone.Deploy.0 = Release|Any CPU
		{025EDD3E-9DAD-4041-8BF0-B7751AE710A3}.AppStore|iPhoneSimulator.ActiveCfg = Release|Any CPU
		{025EDD3E-9DAD-4041-8BF0-B7751AE710A3}.AppStore|iPhoneSimulator.Build.0 = Release|Any CPU
		{025EDD3E-9DAD-4041-8BF0-B7751AE710A3}.AppStore|iPhoneSimulator.Deploy.0 = Release|Any CPU
		{025EDD3E-9DAD-4041-8BF0-B7751AE710A3}.AppStore|x64.ActiveCfg = Release|x64
		{025EDD3E-9DAD-4041-8BF0-B7751AE710A3}.AppStore|x64.Build.0 = Release|x64
		{025EDD3E-9DAD-4041-8BF0-B7751AE710A3}.AppStore|x64.Deploy.0 = Release|x64
		{025EDD3E-9DAD-4041-8BF0-B7751AE710A3}.AppStore|x86.ActiveCfg = Release|x86
		{025EDD3E-9DAD-4041-8BF0-B7751AE710A3}.AppStore|x86.Build.0 = Release|x86
		{025EDD3E-9DAD-4041-8BF0-B7751AE710A3}.AppStore|x86.Deploy.0 = Release|x86
		{025EDD3E-9DAD-4041-8BF0-B7751AE710A3}.Debug|Any CPU.ActiveCfg = Debug|Any CPU
		{025EDD3E-9DAD-4041-8BF0-B7751AE710A3}.Debug|Any CPU.Build.0 = Debug|Any CPU
		{025EDD3E-9DAD-4041-8BF0-B7751AE710A3}.Debug|Any CPU.Deploy.0 = Debug|Any CPU
		{025EDD3E-9DAD-4041-8BF0-B7751AE710A3}.Debug|ARM.ActiveCfg = Debug|ARM
		{025EDD3E-9DAD-4041-8BF0-B7751AE710A3}.Debug|ARM.Build.0 = Debug|ARM
		{025EDD3E-9DAD-4041-8BF0-B7751AE710A3}.Debug|ARM.Deploy.0 = Debug|ARM
		{025EDD3E-9DAD-4041-8BF0-B7751AE710A3}.Debug|iPhone.ActiveCfg = Debug|Any CPU
		{025EDD3E-9DAD-4041-8BF0-B7751AE710A3}.Debug|iPhone.Build.0 = Debug|Any CPU
		{025EDD3E-9DAD-4041-8BF0-B7751AE710A3}.Debug|iPhone.Deploy.0 = Debug|Any CPU
		{025EDD3E-9DAD-4041-8BF0-B7751AE710A3}.Debug|iPhoneSimulator.ActiveCfg = Debug|Any CPU
		{025EDD3E-9DAD-4041-8BF0-B7751AE710A3}.Debug|iPhoneSimulator.Build.0 = Debug|Any CPU
		{025EDD3E-9DAD-4041-8BF0-B7751AE710A3}.Debug|iPhoneSimulator.Deploy.0 = Debug|Any CPU
		{025EDD3E-9DAD-4041-8BF0-B7751AE710A3}.Debug|x64.ActiveCfg = Debug|x64
		{025EDD3E-9DAD-4041-8BF0-B7751AE710A3}.Debug|x64.Build.0 = Debug|x64
		{025EDD3E-9DAD-4041-8BF0-B7751AE710A3}.Debug|x64.Deploy.0 = Debug|x64
		{025EDD3E-9DAD-4041-8BF0-B7751AE710A3}.Debug|x86.ActiveCfg = Debug|x86
		{025EDD3E-9DAD-4041-8BF0-B7751AE710A3}.Debug|x86.Build.0 = Debug|x86
		{025EDD3E-9DAD-4041-8BF0-B7751AE710A3}.Debug|x86.Deploy.0 = Debug|x86
		{025EDD3E-9DAD-4041-8BF0-B7751AE710A3}.Release|Any CPU.ActiveCfg = Release|Any CPU
		{025EDD3E-9DAD-4041-8BF0-B7751AE710A3}.Release|Any CPU.Build.0 = Release|Any CPU
		{025EDD3E-9DAD-4041-8BF0-B7751AE710A3}.Release|Any CPU.Deploy.0 = Release|Any CPU
		{025EDD3E-9DAD-4041-8BF0-B7751AE710A3}.Release|ARM.ActiveCfg = Release|ARM
		{025EDD3E-9DAD-4041-8BF0-B7751AE710A3}.Release|ARM.Build.0 = Release|ARM
		{025EDD3E-9DAD-4041-8BF0-B7751AE710A3}.Release|ARM.Deploy.0 = Release|ARM
		{025EDD3E-9DAD-4041-8BF0-B7751AE710A3}.Release|iPhone.ActiveCfg = Release|Any CPU
		{025EDD3E-9DAD-4041-8BF0-B7751AE710A3}.Release|iPhone.Build.0 = Release|Any CPU
		{025EDD3E-9DAD-4041-8BF0-B7751AE710A3}.Release|iPhone.Deploy.0 = Release|Any CPU
		{025EDD3E-9DAD-4041-8BF0-B7751AE710A3}.Release|iPhoneSimulator.ActiveCfg = Release|Any CPU
		{025EDD3E-9DAD-4041-8BF0-B7751AE710A3}.Release|iPhoneSimulator.Build.0 = Release|Any CPU
		{025EDD3E-9DAD-4041-8BF0-B7751AE710A3}.Release|iPhoneSimulator.Deploy.0 = Release|Any CPU
		{025EDD3E-9DAD-4041-8BF0-B7751AE710A3}.Release|x64.ActiveCfg = Release|x64
		{025EDD3E-9DAD-4041-8BF0-B7751AE710A3}.Release|x64.Build.0 = Release|x64
		{025EDD3E-9DAD-4041-8BF0-B7751AE710A3}.Release|x64.Deploy.0 = Release|x64
		{025EDD3E-9DAD-4041-8BF0-B7751AE710A3}.Release|x86.ActiveCfg = Release|x86
		{025EDD3E-9DAD-4041-8BF0-B7751AE710A3}.Release|x86.Build.0 = Release|x86
		{025EDD3E-9DAD-4041-8BF0-B7751AE710A3}.Release|x86.Deploy.0 = Release|x86
	EndGlobalSection
	GlobalSection(SolutionProperties) = preSolution
		HideSolutionNode = FALSE
	EndGlobalSection
EndGlobal
